
Microsoft Visual Studio Solution File, Format Version 12.00
# Visual Studio Version 17
VisualStudioVersion = 17.0.32126.317
MinimumVisualStudioVersion = 10.0.40219.1
Project("{FAE04EC0-301F-11D3-BF4B-00C04F79EFBC}") = "LiveSplit.LeanCore", "LiveSplit.LeanCore\LiveSplit.LeanCore.csproj", "{1EDA46AB-674E-48CA-A6D5-D5938CE64A55}"
EndProject
Project("{FAE04EC0-301F-11D3-BF4B-00C04F79EFBC}") = "AutoSplitterLSP.LeanParserAndCompiler", "AutoSplitterLSP.LeanParserAndCompiler\AutoSplitterLSP.LeanParserAndCompiler.csproj", "{A46CB8BC-71EB-4ACF-A2B8-F7170742AF45}"
EndProject
Project("{FAE04EC0-301F-11D3-BF4B-00C04F79EFBC}") = "AutoSplitterLSP.Core", "AutoSplitterLSP.Core\AutoSplitterLSP.Core.csproj", "{7F3E7C53-20D9-40C7-85AF-26E141CD4551}"
EndProject
Project("{FAE04EC0-301F-11D3-BF4B-00C04F79EFBC}") = "AutoSplitterLSP.Server", "AutoSplitterLSP.Server\AutoSplitterLSP.Server.csproj", "{115C2B35-9A2F-4518-8844-09C750EBCC89}"
EndProject
Global
	GlobalSection(SolutionConfigurationPlatforms) = preSolution
		Debug|Any CPU = Debug|Any CPU
		Release|Any CPU = Release|Any CPU
	EndGlobalSection
	GlobalSection(ProjectConfigurationPlatforms) = postSolution
		{1EDA46AB-674E-48CA-A6D5-D5938CE64A55}.Debug|Any CPU.ActiveCfg = Debug|Any CPU
		{1EDA46AB-674E-48CA-A6D5-D5938CE64A55}.Debug|Any CPU.Build.0 = Debug|Any CPU
		{1EDA46AB-674E-48CA-A6D5-D5938CE64A55}.Release|Any CPU.ActiveCfg = Release|Any CPU
		{1EDA46AB-674E-48CA-A6D5-D5938CE64A55}.Release|Any CPU.Build.0 = Release|Any CPU
		{A46CB8BC-71EB-4ACF-A2B8-F7170742AF45}.Debug|Any CPU.ActiveCfg = Debug|Any CPU
		{A46CB8BC-71EB-4ACF-A2B8-F7170742AF45}.Debug|Any CPU.Build.0 = Debug|Any CPU
		{A46CB8BC-71EB-4ACF-A2B8-F7170742AF45}.Release|Any CPU.ActiveCfg = Release|Any CPU
		{A46CB8BC-71EB-4ACF-A2B8-F7170742AF45}.Release|Any CPU.Build.0 = Release|Any CPU
		{7F3E7C53-20D9-40C7-85AF-26E141CD4551}.Debug|Any CPU.ActiveCfg = Debug|Any CPU
		{7F3E7C53-20D9-40C7-85AF-26E141CD4551}.Debug|Any CPU.Build.0 = Debug|Any CPU
		{7F3E7C53-20D9-40C7-85AF-26E141CD4551}.Release|Any CPU.ActiveCfg = Release|Any CPU
		{7F3E7C53-20D9-40C7-85AF-26E141CD4551}.Release|Any CPU.Build.0 = Release|Any CPU
		{115C2B35-9A2F-4518-8844-09C750EBCC89}.Debug|Any CPU.ActiveCfg = Debug|Any CPU
		{115C2B35-9A2F-4518-8844-09C750EBCC89}.Debug|Any CPU.Build.0 = Debug|Any CPU
		{115C2B35-9A2F-4518-8844-09C750EBCC89}.Release|Any CPU.ActiveCfg = Release|Any CPU
		{115C2B35-9A2F-4518-8844-09C750EBCC89}.Release|Any CPU.Build.0 = Release|Any CPU
	EndGlobalSection
	GlobalSection(SolutionProperties) = preSolution
		HideSolutionNode = FALSE
	EndGlobalSection
	GlobalSection(ExtensibilityGlobals) = postSolution
		SolutionGuid = {5BA48D38-F8E1-4EC4-BDB9-4891BC56A95A}
	EndGlobalSection
EndGlobal
